
Microsoft Visual Studio Solution File, Format Version 12.00
# Visual Studio Version 17
VisualStudioVersion = 17.9.34723.18
MinimumVisualStudioVersion = 10.0.40219.1
Project("{FAE04EC0-301F-11D3-BF4B-00C04F79EFBC}") = "EncryptDecrypt", "EncryptDecrypt.csproj", "{31CA2837-51DB-49B1-B5EC-27A9C3B49BC5}"
EndProject
Global
	GlobalSection(SolutionConfigurationPlatforms) = preSolution
		Debug|Any CPU = Debug|Any CPU
		Release|Any CPU = Release|Any CPU
	EndGlobalSection
	GlobalSection(ProjectConfigurationPlatforms) = postSolution
		{31CA2837-51DB-49B1-B5EC-27A9C3B49BC5}.Debug|Any CPU.ActiveCfg = Debug|Any CPU
		{31CA2837-51DB-49B1-B5EC-27A9C3B49BC5}.Debug|Any CPU.Build.0 = Debug|Any CPU
		{31CA2837-51DB-49B1-B5EC-27A9C3B49BC5}.Release|Any CPU.ActiveCfg = Release|Any CPU
		{31CA2837-51DB-49B1-B5EC-27A9C3B49BC5}.Release|Any CPU.Build.0 = Release|Any CPU
	EndGlobalSection
	GlobalSection(SolutionProperties) = preSolution
		HideSolutionNode = FALSE
	EndGlobalSection
	GlobalSection(ExtensibilityGlobals) = postSolution
		SolutionGuid = {A8500FCB-4D89-41AE-AA4E-C80C420B2BF5}
	EndGlobalSection
EndGlobal
